
Microsoft Visual Studio Solution File, Format Version 12.00
# Visual Studio Version 17
VisualStudioVersion = 17.12.35527.113 d17.12
MinimumVisualStudioVersion = 10.0.40219.1
Project("{FAE04EC0-301F-11D3-BF4B-00C04F79EFBC}") = "ATASOrderLogStrategy", "ATASOrderLogStrategy.csproj", "{A7501CBE-F637-4A46-B2C6-4DCDF9899800}"
EndProject
Global
	GlobalSection(SolutionConfigurationPlatforms) = preSolution
		Debug|Any CPU = Debug|Any CPU
		Release|Any CPU = Release|Any CPU
	EndGlobalSection
	GlobalSection(ProjectConfigurationPlatforms) = postSolution
		{A7501CBE-F637-4A46-B2C6-4DCDF9899800}.Debug|Any CPU.ActiveCfg = Debug|Any CPU
		{A7501CBE-F637-4A46-B2C6-4DCDF9899800}.Debug|Any CPU.Build.0 = Debug|Any CPU
		{A7501CBE-F637-4A46-B2C6-4DCDF9899800}.Release|Any CPU.ActiveCfg = Release|Any CPU
		{A7501CBE-F637-4A46-B2C6-4DCDF9899800}.Release|Any CPU.Build.0 = Release|Any CPU
	EndGlobalSection
	GlobalSection(SolutionProperties) = preSolution
		HideSolutionNode = FALSE
	EndGlobalSection
EndGlobal
